# This file was autogenerated by Stack.
# You should not edit this file by hand.
# For more information, please see the documentation at:
#   https://docs.haskellstack.org/en/stable/lock_files

packages:
- completed:
    cabal-file:
      size: 2577
      sha256: caf5083d12b4d9d877055a42ed4727694411ca387afd9d15de2333dc5f5ade5f
    name: network-bitcoin
    version: 1.8.3
    git: git://github.com/bitnomial/network-bitcoin
    pantry-tree:
      size: 1145
      sha256: fdc6cca4eb76b456e155ad49558d08704bc3ff2ef7194d9bf9eeb25f6d68b54a
    commit: f58f7ad68d8ae6601a80cff00e1937b9065184ab
  original:
    git: git://github.com/bitnomial/network-bitcoin
    commit: f58f7ad68d8ae6601a80cff00e1937b9065184ab
snapshots:
- completed:
    size: 524799
    url: https://raw.githubusercontent.com/commercialhaskell/stackage-snapshots/master/lts/14/17.yaml
    sha256: 1d72b33c0fc048e23f4f18fd76a6ad79dd1d8a3c054644098a71a09855e40c7c
  original: lts-14.17
