# This file was autogenerated by Stack.
# You should not edit this file by hand.
# For more information, please see the documentation at:
#   https://docs.haskellstack.org/en/stable/lock_files

packages:
- completed:
    hackage: network-bitcoin-1.9.1@sha256:f950326eef853c8ce5a15a2fc65ed0291669b60b3138538629469fbeaf447d96,2420
    pantry-tree:
      size: 851
      sha256: 9e1136ae25b7bec92afb03dae5833946bf0596518a8c92a65c09eef7f5c4c2ac
  original:
    hackage: network-bitcoin-1.9.1
snapshots:
- completed:
    size: 524799
    url: https://raw.githubusercontent.com/commercialhaskell/stackage-snapshots/master/lts/14/17.yaml
    sha256: 1d72b33c0fc048e23f4f18fd76a6ad79dd1d8a3c054644098a71a09855e40c7c
  original: lts-14.17
